# This file was autogenerated by Stack.
# You should not edit this file by hand.
# For more information, please see the documentation at:
#   https://docs.haskellstack.org/en/stable/lock_files

packages:
- completed:
    hackage: wl-pprint-1.2.1@sha256:aea676cff4a062d7d912149d270e33f5bb0c01b68a9db46ff13b438141ff4b7c,734
    pantry-tree:
      size: 221
      sha256: 750b375c6fc33400551f9e32e26e41844c372270a9bc3571e912fa36df7c6d4f
  original:
    hackage: wl-pprint-1.2.1
- completed:
    hackage: Unique-0.4.5@sha256:56d1a2db7b1e70e8e2b341af6ba4ed44f1e3f636a654840eeebccaab4e3f3d60,2338
    pantry-tree:
      size: 344
      sha256: aef0170a489b8d56fba47d43e2b277f3f626fff87827de1a7d57274b94cf6e21
  original:
    hackage: Unique-0.4.5
- completed:
    hackage: indentation-trifecta-0.1.0@sha256:cead425151e4e98a98ae163186dab471fafeb9854bd520b9d5356652114ac18e,2460
    pantry-tree:
      size: 411
      sha256: 143c87fbf98238027d45070a8ed21109a5ab89341eda335a3d9a40f28e71f05c
  original:
    hackage: indentation-trifecta-0.1.0
snapshots:
- completed:
    size: 495203
    url: https://raw.githubusercontent.com/commercialhaskell/stackage-snapshots/master/lts/13/8.yaml
    sha256: 91139b0de6b320b13e27d5e6e6c368e239974b06fb9dc86d8d96da08697972ac
  original: lts-13.8
